
Microsoft Visual Studio Solution File, Format Version 12.00
# Visual Studio Version 16
VisualStudioVersion = 16.0.29613.14
MinimumVisualStudioVersion = 10.0.40219.1
Project("{FAE04EC0-301F-11D3-BF4B-00C04F79EFBC}") = "NoteBook.Android", "NoteBook\NoteBook.Android\NoteBook.Android.csproj", "{39B496B4-ED95-45A7-8585-651E727678FF}"
EndProject
Project("{FAE04EC0-301F-11D3-BF4B-00C04F79EFBC}") = "NoteBook.iOS", "NoteBook\NoteBook.iOS\NoteBook.iOS.csproj", "{7588008C-EB34-440F-AA15-9E31AE1D0527}"
EndProject
Project("{FAE04EC0-301F-11D3-BF4B-00C04F79EFBC}") = "NoteBook", "NoteBook\NoteBook\NoteBook.csproj", "{CEE1DA1C-8ECC-4D66-9EB9-51986C98DA6F}"
EndProject
Global
	GlobalSection(SolutionConfigurationPlatforms) = preSolution
		Debug|Any CPU = Debug|Any CPU
		Debug|iPhone = Debug|iPhone
		Debug|iPhoneSimulator = Debug|iPhoneSimulator
		Release|Any CPU = Release|Any CPU
		Release|iPhone = Release|iPhone
		Release|iPhoneSimulator = Release|iPhoneSimulator
	EndGlobalSection
	GlobalSection(ProjectConfigurationPlatforms) = postSolution
		{39B496B4-ED95-45A7-8585-651E727678FF}.Debug|Any CPU.ActiveCfg = Debug|Any CPU
		{39B496B4-ED95-45A7-8585-651E727678FF}.Debug|Any CPU.Build.0 = Debug|Any CPU
		{39B496B4-ED95-45A7-8585-651E727678FF}.Debug|Any CPU.Deploy.0 = Debug|Any CPU
		{39B496B4-ED95-45A7-8585-651E727678FF}.Debug|iPhone.ActiveCfg = Debug|Any CPU
		{39B496B4-ED95-45A7-8585-651E727678FF}.Debug|iPhone.Build.0 = Debug|Any CPU
		{39B496B4-ED95-45A7-8585-651E727678FF}.Debug|iPhone.Deploy.0 = Debug|Any CPU
		{39B496B4-ED95-45A7-8585-651E727678FF}.Debug|iPhoneSimulator.ActiveCfg = Debug|Any CPU
		{39B496B4-ED95-45A7-8585-651E727678FF}.Debug|iPhoneSimulator.Build.0 = Debug|Any CPU
		{39B496B4-ED95-45A7-8585-651E727678FF}.Debug|iPhoneSimulator.Deploy.0 = Debug|Any CPU
		{39B496B4-ED95-45A7-8585-651E727678FF}.Release|Any CPU.ActiveCfg = Release|Any CPU
		{39B496B4-ED95-45A7-8585-651E727678FF}.Release|Any CPU.Build.0 = Release|Any CPU
		{39B496B4-ED95-45A7-8585-651E727678FF}.Release|Any CPU.Deploy.0 = Release|Any CPU
		{39B496B4-ED95-45A7-8585-651E727678FF}.Release|iPhone.ActiveCfg = Release|Any CPU
		{39B496B4-ED95-45A7-8585-651E727678FF}.Release|iPhone.Build.0 = Release|Any CPU
		{39B496B4-ED95-45A7-8585-651E727678FF}.Release|iPhone.Deploy.0 = Release|Any CPU
		{39B496B4-ED95-45A7-8585-651E727678FF}.Release|iPhoneSimulator.ActiveCfg = Release|Any CPU
		{39B496B4-ED95-45A7-8585-651E727678FF}.Release|iPhoneSimulator.Build.0 = Release|Any CPU
		{39B496B4-ED95-45A7-8585-651E727678FF}.Release|iPhoneSimulator.Deploy.0 = Release|Any CPU
		{7588008C-EB34-440F-AA15-9E31AE1D0527}.Debug|Any CPU.ActiveCfg = Debug|iPhoneSimulator
		{7588008C-EB34-440F-AA15-9E31AE1D0527}.Debug|Any CPU.Deploy.0 = Debug|iPhoneSimulator
		{7588008C-EB34-440F-AA15-9E31AE1D0527}.Debug|iPhone.ActiveCfg = Debug|iPhone
		{7588008C-EB34-440F-AA15-9E31AE1D0527}.Debug|iPhone.Build.0 = Debug|iPhone
		{7588008C-EB34-440F-AA15-9E31AE1D0527}.Debug|iPhone.Deploy.0 = Debug|iPhone
		{7588008C-EB34-440F-AA15-9E31AE1D0527}.Debug|iPhoneSimulator.ActiveCfg = Debug|iPhoneSimulator
		{7588008C-EB34-440F-AA15-9E31AE1D0527}.Debug|iPhoneSimulator.Build.0 = Debug|iPhoneSimulator
		{7588008C-EB34-440F-AA15-9E31AE1D0527}.Debug|iPhoneSimulator.Deploy.0 = Debug|iPhoneSimulator
		{7588008C-EB34-440F-AA15-9E31AE1D0527}.Release|Any CPU.ActiveCfg = Release|iPhone
		{7588008C-EB34-440F-AA15-9E31AE1D0527}.Release|Any CPU.Build.0 = Release|iPhone
		{7588008C-EB34-440F-AA15-9E31AE1D0527}.Release|Any CPU.Deploy.0 = Release|iPhone
		{7588008C-EB34-440F-AA15-9E31AE1D0527}.Release|iPhone.ActiveCfg = Release|iPhone
		{7588008C-EB34-440F-AA15-9E31AE1D0527}.Release|iPhone.Build.0 = Release|iPhone
		{7588008C-EB34-440F-AA15-9E31AE1D0527}.Release|iPhone.Deploy.0 = Release|iPhone
		{7588008C-EB34-440F-AA15-9E31AE1D0527}.Release|iPhoneSimulator.ActiveCfg = Release|iPhoneSimulator
		{7588008C-EB34-440F-AA15-9E31AE1D0527}.Release|iPhoneSimulator.Build.0 = Release|iPhoneSimulator
		{7588008C-EB34-440F-AA15-9E31AE1D0527}.Release|iPhoneSimulator.Deploy.0 = Release|iPhoneSimulator
		{CEE1DA1C-8ECC-4D66-9EB9-51986C98DA6F}.Debug|Any CPU.ActiveCfg = Debug|Any CPU
		{CEE1DA1C-8ECC-4D66-9EB9-51986C98DA6F}.Debug|Any CPU.Build.0 = Debug|Any CPU
		{CEE1DA1C-8ECC-4D66-9EB9-51986C98DA6F}.Debug|Any CPU.Deploy.0 = Debug|Any CPU
		{CEE1DA1C-8ECC-4D66-9EB9-51986C98DA6F}.Debug|iPhone.ActiveCfg = Debug|Any CPU
		{CEE1DA1C-8ECC-4D66-9EB9-51986C98DA6F}.Debug|iPhone.Build.0 = Debug|Any CPU
		{CEE1DA1C-8ECC-4D66-9EB9-51986C98DA6F}.Debug|iPhone.Deploy.0 = Debug|Any CPU
		{CEE1DA1C-8ECC-4D66-9EB9-51986C98DA6F}.Debug|iPhoneSimulator.ActiveCfg = Debug|Any CPU
		{CEE1DA1C-8ECC-4D66-9EB9-51986C98DA6F}.Debug|iPhoneSimulator.Build.0 = Debug|Any CPU
		{CEE1DA1C-8ECC-4D66-9EB9-51986C98DA6F}.Debug|iPhoneSimulator.Deploy.0 = Debug|Any CPU
		{CEE1DA1C-8ECC-4D66-9EB9-51986C98DA6F}.Release|Any CPU.ActiveCfg = Release|Any CPU
		{CEE1DA1C-8ECC-4D66-9EB9-51986C98DA6F}.Release|Any CPU.Build.0 = Release|Any CPU
		{CEE1DA1C-8ECC-4D66-9EB9-51986C98DA6F}.Release|Any CPU.Deploy.0 = Release|Any CPU
		{CEE1DA1C-8ECC-4D66-9EB9-51986C98DA6F}.Release|iPhone.ActiveCfg = Release|Any CPU
		{CEE1DA1C-8ECC-4D66-9EB9-51986C98DA6F}.Release|iPhone.Build.0 = Release|Any CPU
		{CEE1DA1C-8ECC-4D66-9EB9-51986C98DA6F}.Release|iPhone.Deploy.0 = Release|Any CPU
		{CEE1DA1C-8ECC-4D66-9EB9-51986C98DA6F}.Release|iPhoneSimulator.ActiveCfg = Release|Any CPU
		{CEE1DA1C-8ECC-4D66-9EB9-51986C98DA6F}.Release|iPhoneSimulator.Build.0 = Release|Any CPU
		{CEE1DA1C-8ECC-4D66-9EB9-51986C98DA6F}.Release|iPhoneSimulator.Deploy.0 = Release|Any CPU
	EndGlobalSection
	GlobalSection(SolutionProperties) = preSolution
		HideSolutionNode = FALSE
	EndGlobalSection
	GlobalSection(ExtensibilityGlobals) = postSolution
		SolutionGuid = {268A2E24-5CD8-40E3-8F51-51A67380B40B}
	EndGlobalSection
EndGlobal
